
Microsoft Visual Studio Solution File, Format Version 12.00
# Visual Studio Version 17
VisualStudioVersion = 17.11.35327.3
MinimumVisualStudioVersion = 10.0.40219.1
Project("{FAE04EC0-301F-11D3-BF4B-00C04F79EFBC}") = "WebAPI", "WebAPI\WebAPI.csproj", "{6E7B505C-90A0-43CA-8B62-A3E5FEC5CC39}"
	ProjectSection(ProjectDependencies) = postProject
		{EA7E2ADA-45CD-4D36-8E07-782111C8E231} = {EA7E2ADA-45CD-4D36-8E07-782111C8E231}
	EndProjectSection
EndProject
Project("{FAE04EC0-301F-11D3-BF4B-00C04F79EFBC}") = "AuthClasses", "..\AuthClasses\AuthClasses.csproj", "{EA7E2ADA-45CD-4D36-8E07-782111C8E231}"
EndProject
Project("{FAE04EC0-301F-11D3-BF4B-00C04F79EFBC}") = "WebClient", "..\WebClient\WebClient.csproj", "{80D60827-66E6-46D4-9283-BEC2C6F3A4C9}"
EndProject
Global
	GlobalSection(SolutionConfigurationPlatforms) = preSolution
		Debug|Any CPU = Debug|Any CPU
		Release|Any CPU = Release|Any CPU
	EndGlobalSection
	GlobalSection(ProjectConfigurationPlatforms) = postSolution
		{6E7B505C-90A0-43CA-8B62-A3E5FEC5CC39}.Debug|Any CPU.ActiveCfg = Debug|Any CPU
		{6E7B505C-90A0-43CA-8B62-A3E5FEC5CC39}.Debug|Any CPU.Build.0 = Debug|Any CPU
		{6E7B505C-90A0-43CA-8B62-A3E5FEC5CC39}.Release|Any CPU.ActiveCfg = Release|Any CPU
		{6E7B505C-90A0-43CA-8B62-A3E5FEC5CC39}.Release|Any CPU.Build.0 = Release|Any CPU
		{EA7E2ADA-45CD-4D36-8E07-782111C8E231}.Debug|Any CPU.ActiveCfg = Debug|Any CPU
		{EA7E2ADA-45CD-4D36-8E07-782111C8E231}.Debug|Any CPU.Build.0 = Debug|Any CPU
		{EA7E2ADA-45CD-4D36-8E07-782111C8E231}.Release|Any CPU.ActiveCfg = Release|Any CPU
		{EA7E2ADA-45CD-4D36-8E07-782111C8E231}.Release|Any CPU.Build.0 = Release|Any CPU
		{80D60827-66E6-46D4-9283-BEC2C6F3A4C9}.Debug|Any CPU.ActiveCfg = Debug|Any CPU
		{80D60827-66E6-46D4-9283-BEC2C6F3A4C9}.Debug|Any CPU.Build.0 = Debug|Any CPU
		{80D60827-66E6-46D4-9283-BEC2C6F3A4C9}.Release|Any CPU.ActiveCfg = Release|Any CPU
		{80D60827-66E6-46D4-9283-BEC2C6F3A4C9}.Release|Any CPU.Build.0 = Release|Any CPU
	EndGlobalSection
	GlobalSection(SolutionProperties) = preSolution
		HideSolutionNode = FALSE
	EndGlobalSection
	GlobalSection(ExtensibilityGlobals) = postSolution
		SolutionGuid = {4E05B90E-F42D-4CF4-B9CF-D911FF461542}
	EndGlobalSection
EndGlobal
